
Microsoft Visual Studio Solution File, Format Version 12.00
# Visual Studio 15
VisualStudioVersion = 15.0.26730.15
MinimumVisualStudioVersion = 10.0.40219.1
Project("{FAE04EC0-301F-11D3-BF4B-00C04F79EFBC}") = "MegaDesk-3-DustinCrossley", "MegaDesk-3-DustinCrossley\MegaDesk-3-DustinCrossley.csproj", "{F147A195-7317-4E86-9D67-98E7D6377FCD}"
EndProject
Global
	GlobalSection(SolutionConfigurationPlatforms) = preSolution
		Debug|Any CPU = Debug|Any CPU
		Release|Any CPU = Release|Any CPU
	EndGlobalSection
	GlobalSection(ProjectConfigurationPlatforms) = postSolution
		{F147A195-7317-4E86-9D67-98E7D6377FCD}.Debug|Any CPU.ActiveCfg = Debug|Any CPU
		{F147A195-7317-4E86-9D67-98E7D6377FCD}.Debug|Any CPU.Build.0 = Debug|Any CPU
		{F147A195-7317-4E86-9D67-98E7D6377FCD}.Release|Any CPU.ActiveCfg = Release|Any CPU
		{F147A195-7317-4E86-9D67-98E7D6377FCD}.Release|Any CPU.Build.0 = Release|Any CPU
	EndGlobalSection
	GlobalSection(SolutionProperties) = preSolution
		HideSolutionNode = FALSE
	EndGlobalSection
	GlobalSection(ExtensibilityGlobals) = postSolution
		SolutionGuid = {18062520-A8B7-4ECE-9E60-089D96A0C926}
	EndGlobalSection
EndGlobal
